// !$*UTF8*$!
{
	archiveVersion = 1;
	classes = {
	};
	objectVersion = 50;
	objects = {

/* Begin PBXBuildFile section */
		1662DC5027120EDD00EFE68C /* AppDelegate.swift in Sources */ = {isa = PBXBuildFile; fileRef = 1662DC4F27120EDD00EFE68C /* AppDelegate.swift */; };
		1662DC5227120EDD00EFE68C /* SceneDelegate.swift in Sources */ = {isa = PBXBuildFile; fileRef = 1662DC5127120EDD00EFE68C /* SceneDelegate.swift */; };
		1662DC5427120EDD00EFE68C /* ViewController.swift in Sources */ = {isa = PBXBuildFile; fileRef = 1662DC5327120EDD00EFE68C /* ViewController.swift */; };
		1662DC5727120EDD00EFE68C /* Main.storyboard in Resources */ = {isa = PBXBuildFile; fileRef = 1662DC5527120EDD00EFE68C /* Main.storyboard */; };
		1662DC5927120EE000EFE68C /* Assets.xcassets in Resources */ = {isa = PBXBuildFile; fileRef = 1662DC5827120EE000EFE68C /* Assets.xcassets */; };
		1662DC5C27120EE000EFE68C /* LaunchScreen.storyboard in Resources */ = {isa = PBXBuildFile; fileRef = 1662DC5A27120EE000EFE68C /* LaunchScreen.storyboard */; };
		B65B4840286A5B87CB34DCAF /* Pods_MyProjPodPush.framework in Frameworks */ = {isa = PBXBuildFile; fileRef = D69EC2D7EB4432DED60DB231 /* Pods_MyProjPodPush.framework */; };
/* End PBXBuildFile section */

/* Begin PBXFileReference section */
		1662DC4C27120EDD00EFE68C /* MyProjPodPush.app */ = {isa = PBXFileReference; explicitFileType = wrapper.application; includeInIndex = 0; path = MyProjPodPush.app; sourceTree = BUILT_PRODUCTS_DIR; };
		1662DC4F27120EDD00EFE68C /* AppDelegate.swift */ = {isa = PBXFileReference; lastKnownFileType = sourcecode.swift; path = AppDelegate.swift; sourceTree = "<group>"; };
		1662DC5127120EDD00EFE68C /* SceneDelegate.swift */ = {isa = PBXFileReference; lastKnownFileType = sourcecode.swift; path = SceneDelegate.swift; sourceTree = "<group>"; };
		1662DC5327120EDD00EFE68C /* ViewController.swift */ = {isa = PBXFileReference; lastKnownFileType = sourcecode.swift; path = ViewController.swift; sourceTree = "<group>"; };
		1662DC5627120EDD00EFE68C /* Base */ = {isa = PBXFileReference; lastKnownFileType = file.storyboard; name = Base; path = Base.lproj/Main.storyboard; sourceTree = "<group>"; };
		1662DC5827120EE000EFE68C /* Assets.xcassets */ = {isa = PBXFileReference; lastKnownFileType = folder.assetcatalog; path = Assets.xcassets; sourceTree = "<group>"; };
		1662DC5B27120EE000EFE68C /* Base */ = {isa = PBXFileReference; lastKnownFileType = file.storyboard; name = Base; path = Base.lproj/LaunchScreen.storyboard; sourceTree = "<group>"; };
		1662DC5D27120EE000EFE68C /* Info.plist */ = {isa = PBXFileReference; lastKnownFileType = text.plist.xml; path = Info.plist; sourceTree = "<group>"; };
		3E3D1BBC4111E2BE92247010 /* Pods-MyProjPodPush.debug.xcconfig */ = {isa = PBXFileReference; includeInIndex = 1; lastKnownFileType = text.xcconfig; name = "Pods-MyProjPodPush.debug.xcconfig"; path = "Target Support Files/Pods-MyProjPodPush/Pods-MyProjPodPush.debug.xcconfig"; sourceTree = "<group>"; };
		D69EC2D7EB4432DED60DB231 /* Pods_MyProjPodPush.framework */ = {isa = PBXFileReference; explicitFileType = wrapper.framework; includeInIndex = 0; path = Pods_MyProjPodPush.framework; sourceTree = BUILT_PRODUCTS_DIR; };
		F698AC6A50A5E716019B31DF /* Pods-MyProjPodPush.release.xcconfig */ = {isa = PBXFileReference; includeInIndex = 1; lastKnownFileType = text.xcconfig; name = "Pods-MyProjPodPush.release.xcconfig"; path = "Target Support Files/Pods-MyProjPodPush/Pods-MyProjPodPush.release.xcconfig"; sourceTree = "<group>"; };
/* End PBXFileReference section */

/* Begin PBXFrameworksBuildPhase section */
		1662DC4927120EDD00EFE68C /* Frameworks */ = {
			isa = PBXFrameworksBuildPhase;
			buildActionMask = 2147483647;
			files = (
				B65B4840286A5B87CB34DCAF /* Pods_MyProjPodPush.framework in Frameworks */,
			);
			runOnlyForDeploymentPostprocessing = 0;
		};
/* End PBXFrameworksBuildPhase section */

/* Begin PBXGroup section */
		1662DC4327120EDD00EFE68C = {
			isa = PBXGroup;
			children = (
				1662DC4E27120EDD00EFE68C /* MyProjPodPush */,
				1662DC4D27120EDD00EFE68C /* Products */,
				35E47EE160B6405D952D4FC7 /* Pods */,
				EC8CD0C42AB30D08F22918A6 /* Frameworks */,
			);
			sourceTree = "<group>";
		};
		1662DC4D27120EDD00EFE68C /* Products */ = {
			isa = PBXGroup;
			children = (
				1662DC4C27120EDD00EFE68C /* MyProjPodPush.app */,
			);
			name = Products;
			sourceTree = "<group>";
		};
		1662DC4E27120EDD00EFE68C /* MyProjPodPush */ = {
			isa = PBXGroup;
			children = (
				1662DC4F27120EDD00EFE68C /* AppDelegate.swift */,
				1662DC5127120EDD00EFE68C /* SceneDelegate.swift */,
				1662DC5327120EDD00EFE68C /* ViewController.swift */,
				1662DC5527120EDD00EFE68C /* Main.storyboard */,
				1662DC5827120EE000EFE68C /* Assets.xcassets */,
				1662DC5A27120EE000EFE68C /* LaunchScreen.storyboard */,
				1662DC5D27120EE000EFE68C /* Info.plist */,
			);
			path = MyProjPodPush;
			sourceTree = "<group>";
		};
		35E47EE160B6405D952D4FC7 /* Pods */ = {
			isa = PBXGroup;
			children = (
				3E3D1BBC4111E2BE92247010 /* Pods-MyProjPodPush.debug.xcconfig */,
				F698AC6A50A5E716019B31DF /* Pods-MyProjPodPush.release.xcconfig */,
			);
			name = Pods;
			path = Pods;
			sourceTree = "<group>";
		};
		EC8CD0C42AB30D08F22918A6 /* Frameworks */ = {
			isa = PBXGroup;
			children = (
				D69EC2D7EB4432DED60DB231 /* Pods_MyProjPodPush.framework */,
			);
			name = Frameworks;
			sourceTree = "<group>";
		};
/* End PBXGroup section */

/* Begin PBXNativeTarget section */
		1662DC4B27120EDD00EFE68C /* MyProjPodPush */ = {
			isa = PBXNativeTarget;
			buildConfigurationList = 1662DC6027120EE000EFE68C /* Build configuration list for PBXNativeTarget "MyProjPodPush" */;
			buildPhases = (
				09A1ADA18B16B75B2B8301D6 /* [CP] Check Pods Manifest.lock */,
				1662DC4827120EDD00EFE68C /* Sources */,
				1662DC4927120EDD00EFE68C /* Frameworks */,
				1662DC4A27120EDD00EFE68C /* Resources */,
				35BE9D0D2DFD978A88EF80EF /* [CP] Embed Pods Frameworks */,
			);
			buildRules = (
			);
			dependencies = (
			);
			name = MyProjPodPush;
			productName = MyProjPodPush;
			productReference = 1662DC4C27120EDD00EFE68C /* MyProjPodPush.app */;
			productType = "com.apple.product-type.application";
		};
/* End PBXNativeTarget section */

/* Begin PBXProject section */
		1662DC4427120EDD00EFE68C /* Project object */ = {
			isa = PBXProject;
			attributes = {
				LastSwiftUpdateCheck = 1230;
				LastUpgradeCheck = 1230;
				TargetAttributes = {
					1662DC4B27120EDD00EFE68C = {
						CreatedOnToolsVersion = 12.3;
					};
				};
			};
			buildConfigurationList = 1662DC4727120EDD00EFE68C /* Build configuration list for PBXProject "MyProjPodPush" */;
			compatibilityVersion = "Xcode 9.3";
			developmentRegion = en;
			hasScannedForEncodings = 0;
			knownRegions = (
				en,
				Base,
			);
			mainGroup = 1662DC4327120EDD00EFE68C;
			productRefGroup = 1662DC4D27120EDD00EFE68C /* Products */;
			projectDirPath = "";
			projectRoot = "";
			targets = (
				1662DC4B27120EDD00EFE68C /* MyProjPodPush */,
			);
		};
/* End PBXProject section */

/* Begin PBXResourcesBuildPhase section */
		1662DC4A27120EDD00EFE68C /* Resources */ = {
			isa = PBXResourcesBuildPhase;
			buildActionMask = 2147483647;
			files = (
				1662DC5C27120EE000EFE68C /* LaunchScreen.storyboard in Resources */,
				1662DC5927120EE000EFE68C /* Assets.xcassets in Resources */,
				1662DC5727120EDD00EFE68C /* Main.storyboard in Resources */,
			);
			runOnlyForDeploymentPostprocessing = 0;
		};
/* End PBXResourcesBuildPhase section */

/* Begin PBXShellScriptBuildPhase section */
		09A1ADA18B16B75B2B8301D6 /* [CP] Check Pods Manifest.lock */ = {
			isa = PBXShellScriptBuildPhase;
			buildActionMask = 2147483647;
			files = (
			);
			inputFileListPaths = (
			);
			inputPaths = (
				"${PODS_PODFILE_DIR_PATH}/Podfile.lock",
				"${PODS_ROOT}/Manifest.lock",
			);
			name = "[CP] Check Pods Manifest.lock";
			outputFileListPaths = (
			);
			outputPaths = (
				"$(DERIVED_FILE_DIR)/Pods-MyProjPodPush-checkManifestLockResult.txt",
			);
			runOnlyForDeploymentPostprocessing = 0;
			shellPath = /bin/sh;
			shellScript = "diff \"${PODS_PODFILE_DIR_PATH}/Podfile.lock\" \"${PODS_ROOT}/Manifest.lock\" > /dev/null\nif [ $? != 0 ] ; then\n    # print error to STDERR\n    echo \"error: The sandbox is not in sync with the Podfile.lock. Run 'pod install' or update your CocoaPods installation.\" >&2\n    exit 1\nfi\n# This output is used by Xcode 'outputs' to avoid re-running this script phase.\necho \"SUCCESS\" > \"${SCRIPT_OUTPUT_FILE_0}\"\n";
			showEnvVarsInLog = 0;
		};
		35BE9D0D2DFD978A88EF80EF /* [CP] Embed Pods Frameworks */ = {
			isa = PBXShellScriptBuildPhase;
			buildActionMask = 2147483647;
			files = (
			);
			inputFileListPaths = (
				"${PODS_ROOT}/Target Support Files/Pods-MyProjPodPush/Pods-MyProjPodPush-frameworks-${CONFIGURATION}-input-files.xcfilelist",
			);
			name = "[CP] Embed Pods Frameworks";
			outputFileListPaths = (
				"${PODS_ROOT}/Target Support Files/Pods-MyProjPodPush/Pods-MyProjPodPush-frameworks-${CONFIGURATION}-output-files.xcfilelist",
			);
			runOnlyForDeploymentPostprocessing = 0;
			shellPath = /bin/sh;
			shellScript = "\"${PODS_ROOT}/Target Support Files/Pods-MyProjPodPush/Pods-MyProjPodPush-frameworks.sh\"\n";
			showEnvVarsInLog = 0;
		};
/* End PBXShellScriptBuildPhase section */

/* Begin PBXSourcesBuildPhase section */
		1662DC4827120EDD00EFE68C /* Sources */ = {
			isa = PBXSourcesBuildPhase;
			buildActionMask = 2147483647;
			files = (
				1662DC5427120EDD00EFE68C /* ViewController.swift in Sources */,
				1662DC5027120EDD00EFE68C /* AppDelegate.swift in Sources */,
				1662DC5227120EDD00EFE68C /* SceneDelegate.swift in Sources */,
			);
			runOnlyForDeploymentPostprocessing = 0;
		};
/* End PBXSourcesBuildPhase section */

/* Begin PBXVariantGroup section */
		1662DC5527120EDD00EFE68C /* Main.storyboard */ = {
			isa = PBXVariantGroup;
			children = (
				1662DC5627120EDD00EFE68C /* Base */,
			);
			name = Main.storyboard;
			sourceTree = "<group>";
		};
		1662DC5A27120EE000EFE68C /* LaunchScreen.storyboard */ = {
			isa = PBXVariantGroup;
			children = (
				1662DC5B27120EE000EFE68C /* Base */,
			);
			name = LaunchScreen.storyboard;
			sourceTree = "<group>";
		};
/* End PBXVariantGroup section */

/* Begin XCBuildConfiguration section */
		1662DC5E27120EE000EFE68C /* Debug */ = {
			isa = XCBuildConfiguration;
			buildSettings = {
				ALWAYS_SEARCH_USER_PATHS = NO;
				CLANG_ANALYZER_NONNULL = YES;
				CLANG_ANALYZER_NUMBER_OBJECT_CONVERSION = YES_AGGRESSIVE;
				CLANG_CXX_LANGUAGE_STANDARD = "gnu++14";
				CLANG_CXX_LIBRARY = "libc++";
				CLANG_ENABLE_MODULES = YES;
				CLANG_ENABLE_OBJC_ARC = YES;
				CLANG_ENABLE_OBJC_WEAK = YES;
				CLANG_WARN_BLOCK_CAPTURE_AUTORELEASING = YES;
				CLANG_WARN_BOOL_CONVERSION = YES;
				CLANG_WARN_COMMA = YES;
				CLANG_WARN_CONSTANT_CONVERSION = YES;
				CLANG_WARN_DEPRECATED_OBJC_IMPLEMENTATIONS = YES;
				CLANG_WARN_DIRECT_OBJC_ISA_USAGE = YES_ERROR;
				CLANG_WARN_DOCUMENTATION_COMMENTS = YES;
				CLANG_WARN_EMPTY_BODY = YES;
				CLANG_WARN_ENUM_CONVERSION = YES;
				CLANG_WARN_INFINITE_RECURSION = YES;
				CLANG_WARN_INT_CONVERSION = YES;
				CLANG_WARN_NON_LITERAL_NULL_CONVERSION = YES;
				CLANG_WARN_OBJC_IMPLICIT_RETAIN_SELF = YES;
				CLANG_WARN_OBJC_LITERAL_CONVERSION = YES;
				CLANG_WARN_OBJC_ROOT_CLASS = YES_ERROR;
				CLANG_WARN_QUOTED_INCLUDE_IN_FRAMEWORK_HEADER = YES;
				CLANG_WARN_RANGE_LOOP_ANALYSIS = YES;
				CLANG_WARN_STRICT_PROTOTYPES = YES;
				CLANG_WARN_SUSPICIOUS_MOVE = YES;
				CLANG_WARN_UNGUARDED_AVAILABILITY = YES_AGGRESSIVE;
				CLANG_WARN_UNREACHABLE_CODE = YES;
				CLANG_WARN__DUPLICATE_METHOD_MATCH = YES;
				COPY_PHASE_STRIP = NO;
				DEBUG_INFORMATION_FORMAT = dwarf;
				ENABLE_STRICT_OBJC_MSGSEND = YES;
				ENABLE_TESTABILITY = YES;
				GCC_C_LANGUAGE_STANDARD = gnu11;
				GCC_DYNAMIC_NO_PIC = NO;
				GCC_NO_COMMON_BLOCKS = YES;
				GCC_OPTIMIZATION_LEVEL = 0;
				GCC_PREPROCESSOR_DEFINITIONS = (
					"DEBUG=1",
					"$(inherited)",
				);
				GCC_WARN_64_TO_32_BIT_CONVERSION = YES;
				GCC_WARN_ABOUT_RETURN_TYPE = YES_ERROR;
				GCC_WARN_UNDECLARED_SELECTOR = YES;
				GCC_WARN_UNINITIALIZED_AUTOS = YES_AGGRESSIVE;
				GCC_WARN_UNUSED_FUNCTION = YES;
				GCC_WARN_UNUSED_VARIABLE = YES;
				IPHONEOS_DEPLOYMENT_TARGET = 14.3;
				MTL_ENABLE_DEBUG_INFO = INCLUDE_SOURCE;
				MTL_FAST_MATH = YES;
				ONLY_ACTIVE_ARCH = YES;
				SDKROOT = iphoneos;
				SWIFT_ACTIVE_COMPILATION_CONDITIONS = DEBUG;
				SWIFT_OPTIMIZATION_LEVEL = "-Onone";
			};
			name = Debug;
		};
		1662DC5F27120EE000EFE68C /* Release */ = {
			isa = XCBuildConfiguration;
			buildSettings = {
				ALWAYS_SEARCH_USER_PATHS = NO;
				CLANG_ANALYZER_NONNULL = YES;
				CLANG_ANALYZER_NUMBER_OBJECT_CONVERSION = YES_AGGRESSIVE;
				CLANG_CXX_LANGUAGE_STANDARD = "gnu++14";
				CLANG_CXX_LIBRARY = "libc++";
				CLANG_ENABLE_MODULES = YES;
				CLANG_ENABLE_OBJC_ARC = YES;
				CLANG_ENABLE_OBJC_WEAK = YES;
				CLANG_WARN_BLOCK_CAPTURE_AUTORELEASING = YES;
				CLANG_WARN_BOOL_CONVERSION = YES;
				CLANG_WARN_COMMA = YES;
				CLANG_WARN_CONSTANT_CONVERSION = YES;
				CLANG_WARN_DEPRECATED_OBJC_IMPLEMENTATIONS = YES;
				CLANG_WARN_DIRECT_OBJC_ISA_USAGE = YES_ERROR;
				CLANG_WARN_DOCUMENTATION_COMMENTS = YES;
				CLANG_WARN_EMPTY_BODY = YES;
				CLANG_WARN_ENUM_CONVERSION = YES;
				CLANG_WARN_INFINITE_RECURSION = YES;
				CLANG_WARN_INT_CONVERSION = YES;
				CLANG_WARN_NON_LITERAL_NULL_CONVERSION = YES;
				CLANG_WARN_OBJC_IMPLICIT_RETAIN_SELF = YES;
				CLANG_WARN_OBJC_LITERAL_CONVERSION = YES;
				CLANG_WARN_OBJC_ROOT_CLASS = YES_ERROR;
				CLANG_WARN_QUOTED_INCLUDE_IN_FRAMEWORK_HEADER = YES;
				CLANG_WARN_RANGE_LOOP_ANALYSIS = YES;
				CLANG_WARN_STRICT_PROTOTYPES = YES;
				CLANG_WARN_SUSPICIOUS_MOVE = YES;
				CLANG_WARN_UNGUARDED_AVAILABILITY = YES_AGGRESSIVE;
				CLANG_WARN_UNREACHABLE_CODE = YES;
				CLANG_WARN__DUPLICATE_METHOD_MATCH = YES;
				COPY_PHASE_STRIP = NO;
				DEBUG_INFORMATION_FORMAT = "dwarf-with-dsym";
				ENABLE_NS_ASSERTIONS = NO;
				ENABLE_STRICT_OBJC_MSGSEND = YES;
				GCC_C_LANGUAGE_STANDARD = gnu11;
				GCC_NO_COMMON_BLOCKS = YES;
				GCC_WARN_64_TO_32_BIT_CONVERSION = YES;
				GCC_WARN_ABOUT_RETURN_TYPE = YES_ERROR;
				GCC_WARN_UNDECLARED_SELECTOR = YES;
				GCC_WARN_UNINITIALIZED_AUTOS = YES_AGGRESSIVE;
				GCC_WARN_UNUSED_FUNCTION = YES;
				GCC_WARN_UNUSED_VARIABLE = YES;
				IPHONEOS_DEPLOYMENT_TARGET = 14.3;
				MTL_ENABLE_DEBUG_INFO = NO;
				MTL_FAST_MATH = YES;
				SDKROOT = iphoneos;
				SWIFT_COMPILATION_MODE = wholemodule;
				SWIFT_OPTIMIZATION_LEVEL = "-O";
				VALIDATE_PRODUCT = YES;
			};
			name = Release;
		};
		1662DC6127120EE000EFE68C /* Debug */ = {
			isa = XCBuildConfiguration;
			baseConfigurationReference = 3E3D1BBC4111E2BE92247010 /* Pods-MyProjPodPush.debug.xcconfig */;
			buildSettings = {
				ASSETCATALOG_COMPILER_APPICON_NAME = AppIcon;
				ASSETCATALOG_COMPILER_GLOBAL_ACCENT_COLOR_NAME = AccentColor;
				CODE_SIGN_STYLE = Automatic;
				DEVELOPMENT_TEAM = YH9AG92D99;
				INFOPLIST_FILE = MyProjPodPush/Info.plist;
				LD_RUNPATH_SEARCH_PATHS = (
					"$(inherited)",
					"@executable_path/Frameworks",
				);
				PRODUCT_BUNDLE_IDENTIFIER = nityainc.MyProjPodPush;
				PRODUCT_NAME = "$(TARGET_NAME)";
				SWIFT_VERSION = 5.0;
				TARGETED_DEVICE_FAMILY = "1,2";
			};
			name = Debug;
		};
		1662DC6227120EE000EFE68C /* Release */ = {
			isa = XCBuildConfiguration;
			baseConfigurationReference = F698AC6A50A5E716019B31DF /* Pods-MyProjPodPush.release.xcconfig */;
			buildSettings = {
				ASSETCATALOG_COMPILER_APPICON_NAME = AppIcon;
				ASSETCATALOG_COMPILER_GLOBAL_ACCENT_COLOR_NAME = AccentColor;
				CODE_SIGN_STYLE = Automatic;
				DEVELOPMENT_TEAM = YH9AG92D99;
				INFOPLIST_FILE = MyProjPodPush/Info.plist;
				LD_RUNPATH_SEARCH_PATHS = (
					"$(inherited)",
					"@executable_path/Frameworks",
				);
				PRODUCT_BUNDLE_IDENTIFIER = nityainc.MyProjPodPush;
				PRODUCT_NAME = "$(TARGET_NAME)";
				SWIFT_VERSION = 5.0;
				TARGETED_DEVICE_FAMILY = "1,2";
			};
			name = Release;
		};
/* End XCBuildConfiguration section */

/* Begin XCConfigurationList section */
		1662DC4727120EDD00EFE68C /* Build configuration list for PBXProject "MyProjPodPush" */ = {
			isa = XCConfigurationList;
			buildConfigurations = (
				1662DC5E27120EE000EFE68C /* Debug */,
				1662DC5F27120EE000EFE68C /* Release */,
			);
			defaultConfigurationIsVisible = 0;
			defaultConfigurationName = Release;
		};
		1662DC6027120EE000EFE68C /* Build configuration list for PBXNativeTarget "MyProjPodPush" */ = {
			isa = XCConfigurationList;
			buildConfigurations = (
				1662DC6127120EE000EFE68C /* Debug */,
				1662DC6227120EE000EFE68C /* Release */,
			);
			defaultConfigurationIsVisible = 0;
			defaultConfigurationName = Release;
		};
/* End XCConfigurationList section */
	};
	rootObject = 1662DC4427120EDD00EFE68C /* Project object */;
}
